# This file is automatically @generated by Cargo.
# It is not intended for manual editing.
version = 4

[[package]]
name = "naos-idl"
version = "0.1.0"
dependencies = [
 "naos-sys",
]

[[package]]
name = "naos-runtime"
version = "0.1.0"
dependencies = [
 "naos-sys",
]

[[package]]
name = "naos-sys"
version = "0.1.0"

[[package]]
name = "rust-interop-fixture"
version = "0.1.0"
dependencies = [
 "naos-idl",
]

[[package]]
name = "rust-smoke-suite"
version = "0.1.0"
dependencies = [
 "naos-idl",
 "naos-runtime",
 "naos-sys",
]

[[package]]
name = "rust-tls-probe"
version = "0.1.0"
